{
  "requires": true,
  "lockfileVersion": 1,
  "dependencies": {
    "vue-credit-card-validation": {
      "version": "0.1.9",
      "resolved": "https://registry.npmjs.org/vue-credit-card-validation/-/vue-credit-card-validation-0.1.9.tgz",
      "integrity": "sha512-CLdFd+tMvsw4vXYz4S5QXuKcylvuaMdRoKCr4C5HSVF3LQILAkv6iBrIN04bPgf26CL4F88SmiNaaK8tIfymtA=="
    }
  }
}
